
Microsoft Visual Studio Solution File, Format Version 12.00
# Visual Studio Version 17
VisualStudioVersion = 17.1.32228.430
MinimumVisualStudioVersion = 10.0.40219.1
Project("{FAE04EC0-301F-11D3-BF4B-00C04F79EFBC}") = "TestApplication", "TestApplication\TestApplication.csproj", "{F0C7F882-966D-4A3E-AA7C-2C8806C4E3AA}"
EndProject
Project("{FAE04EC0-301F-11D3-BF4B-00C04F79EFBC}") = "WebAPI", "WebAPI\WebAPI.csproj", "{92FB0F49-0861-427C-8B0F-D133EF83FA27}"
EndProject
Global
	GlobalSection(SolutionConfigurationPlatforms) = preSolution
		Debug|Any CPU = Debug|Any CPU
		Release|Any CPU = Release|Any CPU
	EndGlobalSection
	GlobalSection(ProjectConfigurationPlatforms) = postSolution
		{F0C7F882-966D-4A3E-AA7C-2C8806C4E3AA}.Debug|Any CPU.ActiveCfg = Debug|Any CPU
		{F0C7F882-966D-4A3E-AA7C-2C8806C4E3AA}.Debug|Any CPU.Build.0 = Debug|Any CPU
		{F0C7F882-966D-4A3E-AA7C-2C8806C4E3AA}.Release|Any CPU.ActiveCfg = Release|Any CPU
		{F0C7F882-966D-4A3E-AA7C-2C8806C4E3AA}.Release|Any CPU.Build.0 = Release|Any CPU
		{92FB0F49-0861-427C-8B0F-D133EF83FA27}.Debug|Any CPU.ActiveCfg = Debug|Any CPU
		{92FB0F49-0861-427C-8B0F-D133EF83FA27}.Debug|Any CPU.Build.0 = Debug|Any CPU
		{92FB0F49-0861-427C-8B0F-D133EF83FA27}.Release|Any CPU.ActiveCfg = Release|Any CPU
		{92FB0F49-0861-427C-8B0F-D133EF83FA27}.Release|Any CPU.Build.0 = Release|Any CPU
	EndGlobalSection
	GlobalSection(SolutionProperties) = preSolution
		HideSolutionNode = FALSE
	EndGlobalSection
	GlobalSection(ExtensibilityGlobals) = postSolution
		SolutionGuid = {008E867F-65F3-4F91-A55A-DB32B18B2270}
	EndGlobalSection
EndGlobal
